
Microsoft Visual Studio Solution File, Format Version 12.00
# Visual Studio Version 17
VisualStudioVersion = 17.14.37628.2
MinimumVisualStudioVersion = 10.0.40219.1
Project("{2150E333-8FDC-42A3-9474-1A3956D46DE8}") = "Task0", "Task0", "{02EA681E-C7D8-13C7-8484-4AC65E1B71E8}"
EndProject
Project("{FAE04EC0-301F-11D3-BF4B-00C04F79EFBC}") = "Tyuiu.VazhnikLN.Sprint2.Task0.V14", "Tyuiu.VazhnikLN.Sprint2.Task0.V14\Tyuiu.VazhnikLN.Sprint2.Task0.V14.csproj", "{DE5E034F-A1AE-424C-A9AB-09769D65F2C4}"
EndProject
Project("{FAE04EC0-301F-11D3-BF4B-00C04F79EFBC}") = "Tyuiu.VazhnikLN.Sprint2.Task0.V14.Lib", "Tyuiu.VazhnikLN.Sprint2.Task0.V14.Lib\Tyuiu.VazhnikLN.Sprint2.Task0.V14.Lib.csproj", "{03A750C8-693B-4466-908A-48405A9708C4}"
EndProject
Project("{FAE04EC0-301F-11D3-BF4B-00C04F79EFBC}") = "Tyuiu.VazhnikLN.Sprint2.Task0.V14.Test", "Tyuiu.VazhnikLN.Sprint2.Task0.V14.Test\Tyuiu.VazhnikLN.Sprint2.Task0.V14.Test.csproj", "{5F61E8CF-3BED-4AA7-84BF-9D9908A5246A}"
EndProject
Project("{2150E333-8FDC-42A3-9474-1A3956D46DE8}") = "Task1", "Task1", "{38C89202-39D4-4B19-BB07-8A5942BDDB9A}"
EndProject
Project("{FAE04EC0-301F-11D3-BF4B-00C04F79EFBC}") = "Tyuiu.VazhnikLN.Sprint2.Task1.V8", "Tyuiu.VazhnikLN.Sprint2.Task1.V8\Tyuiu.VazhnikLN.Sprint2.Task1.V8.csproj", "{068753FD-7007-44CC-9D63-96FDA1CC9A28}"
EndProject
Project("{FAE04EC0-301F-11D3-BF4B-00C04F79EFBC}") = "Tyuiu.VazhnikLN.Sprint2.Task1.V8.Test", "Tyuiu.VazhnikLN.Sprint2.Task1.V8.Test\Tyuiu.VazhnikLN.Sprint2.Task1.V8.Test.csproj", "{2B473499-9C6A-45B4-B424-F65EEA1366FE}"
EndProject
Project("{FAE04EC0-301F-11D3-BF4B-00C04F79EFBC}") = "Tyuiu.VazhnikLN.Sprint2.Task1.V8.Lib", "Tyuiu.VazhnikLN.Sprint2.Task1.V8.Lib\Tyuiu.VazhnikLN.Sprint2.Task1.V8.Lib.csproj", "{B76C0582-2558-46D0-9B26-F39248F7D057}"
EndProject
Global
	GlobalSection(SolutionConfigurationPlatforms) = preSolution
		Debug|Any CPU = Debug|Any CPU
		Release|Any CPU = Release|Any CPU
	EndGlobalSection
	GlobalSection(ProjectConfigurationPlatforms) = postSolution
		{DE5E034F-A1AE-424C-A9AB-09769D65F2C4}.Debug|Any CPU.ActiveCfg = Debug|Any CPU
		{DE5E034F-A1AE-424C-A9AB-09769D65F2C4}.Debug|Any CPU.Build.0 = Debug|Any CPU
		{DE5E034F-A1AE-424C-A9AB-09769D65F2C4}.Release|Any CPU.ActiveCfg = Release|Any CPU
		{DE5E034F-A1AE-424C-A9AB-09769D65F2C4}.Release|Any CPU.Build.0 = Release|Any CPU
		{03A750C8-693B-4466-908A-48405A9708C4}.Debug|Any CPU.ActiveCfg = Debug|Any CPU
		{03A750C8-693B-4466-908A-48405A9708C4}.Debug|Any CPU.Build.0 = Debug|Any CPU
		{03A750C8-693B-4466-908A-48405A9708C4}.Release|Any CPU.ActiveCfg = Release|Any CPU
		{03A750C8-693B-4466-908A-48405A9708C4}.Release|Any CPU.Build.0 = Release|Any CPU
		{5F61E8CF-3BED-4AA7-84BF-9D9908A5246A}.Debug|Any CPU.ActiveCfg = Debug|Any CPU
		{5F61E8CF-3BED-4AA7-84BF-9D9908A5246A}.Debug|Any CPU.Build.0 = Debug|Any CPU
		{5F61E8CF-3BED-4AA7-84BF-9D9908A5246A}.Release|Any CPU.ActiveCfg = Release|Any CPU
		{5F61E8CF-3BED-4AA7-84BF-9D9908A5246A}.Release|Any CPU.Build.0 = Release|Any CPU
		{068753FD-7007-44CC-9D63-96FDA1CC9A28}.Debug|Any CPU.ActiveCfg = Debug|Any CPU
		{068753FD-7007-44CC-9D63-96FDA1CC9A28}.Debug|Any CPU.Build.0 = Debug|Any CPU
		{068753FD-7007-44CC-9D63-96FDA1CC9A28}.Release|Any CPU.ActiveCfg = Release|Any CPU
		{068753FD-7007-44CC-9D63-96FDA1CC9A28}.Release|Any CPU.Build.0 = Release|Any CPU
		{2B473499-9C6A-45B4-B424-F65EEA1366FE}.Debug|Any CPU.ActiveCfg = Debug|Any CPU
		{2B473499-9C6A-45B4-B424-F65EEA1366FE}.Debug|Any CPU.Build.0 = Debug|Any CPU
		{2B473499-9C6A-45B4-B424-F65EEA1366FE}.Release|Any CPU.ActiveCfg = Release|Any CPU
		{2B473499-9C6A-45B4-B424-F65EEA1366FE}.Release|Any CPU.Build.0 = Release|Any CPU
		{B76C0582-2558-46D0-9B26-F39248F7D057}.Debug|Any CPU.ActiveCfg = Debug|Any CPU
		{B76C0582-2558-46D0-9B26-F39248F7D057}.Debug|Any CPU.Build.0 = Debug|Any CPU
		{B76C0582-2558-46D0-9B26-F39248F7D057}.Release|Any CPU.ActiveCfg = Release|Any CPU
		{B76C0582-2558-46D0-9B26-F39248F7D057}.Release|Any CPU.Build.0 = Release|Any CPU
	EndGlobalSection
	GlobalSection(SolutionProperties) = preSolution
		HideSolutionNode = FALSE
	EndGlobalSection
	GlobalSection(NestedProjects) = preSolution
		{DE5E034F-A1AE-424C-A9AB-09769D65F2C4} = {02EA681E-C7D8-13C7-8484-4AC65E1B71E8}
		{03A750C8-693B-4466-908A-48405A9708C4} = {02EA681E-C7D8-13C7-8484-4AC65E1B71E8}
		{5F61E8CF-3BED-4AA7-84BF-9D9908A5246A} = {02EA681E-C7D8-13C7-8484-4AC65E1B71E8}
		{068753FD-7007-44CC-9D63-96FDA1CC9A28} = {38C89202-39D4-4B19-BB07-8A5942BDDB9A}
		{2B473499-9C6A-45B4-B424-F65EEA1366FE} = {38C89202-39D4-4B19-BB07-8A5942BDDB9A}
		{B76C0582-2558-46D0-9B26-F39248F7D057} = {38C89202-39D4-4B19-BB07-8A5942BDDB9A}
	EndGlobalSection
	GlobalSection(ExtensibilityGlobals) = postSolution
		SolutionGuid = {2C783492-1722-43FA-8DA4-34B1DF4B472E}
	EndGlobalSection
EndGlobal
