
Microsoft Visual Studio Solution File, Format Version 12.00
# Visual Studio Version 17
VisualStudioVersion = 17.14.37628.2
MinimumVisualStudioVersion = 10.0.40219.1
Project("{2150E333-8FDC-42A3-9474-1A3956D46DE8}") = "Task0", "Task0", "{02EA681E-C7D8-13C7-8484-4AC65E1B71E8}"
EndProject
Project("{FAE04EC0-301F-11D3-BF4B-00C04F79EFBC}") = "Tyuiu.VazhnikLN.Sprint2.Task0.V14", "Tyuiu.VazhnikLN.Sprint2.Task0.V14\Tyuiu.VazhnikLN.Sprint2.Task0.V14.csproj", "{DE5E034F-A1AE-424C-A9AB-09769D65F2C4}"
EndProject
Project("{FAE04EC0-301F-11D3-BF4B-00C04F79EFBC}") = "Tyuiu.VazhnikLN.Sprint2.Task0.V14.Lib", "Tyuiu.VazhnikLN.Sprint2.Task0.V14.Lib\Tyuiu.VazhnikLN.Sprint2.Task0.V14.Lib.csproj", "{03A750C8-693B-4466-908A-48405A9708C4}"
EndProject
Project("{FAE04EC0-301F-11D3-BF4B-00C04F79EFBC}") = "Tyuiu.VazhnikLN.Sprint2.Task0.V14.Test", "Tyuiu.VazhnikLN.Sprint2.Task0.V14.Test\Tyuiu.VazhnikLN.Sprint2.Task0.V14.Test.csproj", "{5F61E8CF-3BED-4AA7-84BF-9D9908A5246A}"
EndProject
Project("{2150E333-8FDC-42A3-9474-1A3956D46DE8}") = "Task1", "Task1", "{38C89202-39D4-4B19-BB07-8A5942BDDB9A}"
EndProject
Project("{FAE04EC0-301F-11D3-BF4B-00C04F79EFBC}") = "Tyuiu.VazhnikLN.Sprint2.Task1.V8", "Tyuiu.VazhnikLN.Sprint2.Task1.V8\Tyuiu.VazhnikLN.Sprint2.Task1.V8.csproj", "{B515E956-D89E-4127-B796-4DA578133E56}"
EndProject
Project("{FAE04EC0-301F-11D3-BF4B-00C04F79EFBC}") = "Tyuiu.VazhnikLN.Sprint2.Task1.V8.Lib", "Tyuiu.VazhnikLN.Sprint2.Task1.V8.Lib\Tyuiu.VazhnikLN.Sprint2.Task1.V8.Lib.csproj", "{670B4222-867C-47BC-8AE7-F3BFF63BB804}"
EndProject
Project("{FAE04EC0-301F-11D3-BF4B-00C04F79EFBC}") = "Tyuiu.VazhnikLN.Sprint2.Task1.V8.Test", "Tyuiu.VazhnikLN.Sprint2.Task1.V8.Test\Tyuiu.VazhnikLN.Sprint2.Task1.V8.Test.csproj", "{57EDE4DF-18BF-4FA3-AB74-707CF28449CD}"
EndProject
Project("{2150E333-8FDC-42A3-9474-1A3956D46DE8}") = "Task2", "Task2", "{E1E1A4FA-5F5A-4987-B6FA-A966FDE80F6B}"
EndProject
Project("{FAE04EC0-301F-11D3-BF4B-00C04F79EFBC}") = "Tyuiu.VazhnikLN.Sprint2.Task2.V7", "Tyuiu.VazhnikLN.Sprint2.Task2.V7\Tyuiu.VazhnikLN.Sprint2.Task2.V7.csproj", "{B825810A-F7D4-4065-B38B-21283D53BB49}"
EndProject
Project("{FAE04EC0-301F-11D3-BF4B-00C04F79EFBC}") = "Tyuiu.VazhnikLN.Sprint2.Task2.V7.Test", "Tyuiu.VazhnikLN.Sprint2.Task2.V7.Test\Tyuiu.VazhnikLN.Sprint2.Task2.V7.Test.csproj", "{0C8E9435-479E-4B47-8847-8217117FB934}"
EndProject
Project("{FAE04EC0-301F-11D3-BF4B-00C04F79EFBC}") = "Tyuiu.VazhnikLN.Sprint2.Task2.V7.Lib", "Tyuiu.VazhnikLN.Sprint2.Task2.V7.Lib\Tyuiu.VazhnikLN.Sprint2.Task2.V7.Lib.csproj", "{D9C3826E-3A74-46A1-B02C-ABE99845689D}"
EndProject
Project("{2150E333-8FDC-42A3-9474-1A3956D46DE8}") = "Task3", "Task3", "{0FB457BA-00E7-4DDE-B80D-88017B727D20}"
EndProject
Project("{FAE04EC0-301F-11D3-BF4B-00C04F79EFBC}") = "Tyuiu.VazhnikLN.Sprint2.Task3.V13", "Tyuiu.VazhnikLN.Sprint2.Task3.V13\Tyuiu.VazhnikLN.Sprint2.Task3.V13.csproj", "{0066DC65-2456-4A8A-8A40-85818685220D}"
EndProject
Project("{FAE04EC0-301F-11D3-BF4B-00C04F79EFBC}") = "Tyuiu.VazhnikLN.Sprint2.Task3.V13.Lib", "Tyuiu.VazhnikLN.Sprint2.Task3.V13.Lib\Tyuiu.VazhnikLN.Sprint2.Task3.V13.Lib.csproj", "{42853039-A90E-4330-ABAD-8465B51B2BF0}"
EndProject
Project("{FAE04EC0-301F-11D3-BF4B-00C04F79EFBC}") = "Tyuiu.VazhnikLN.Sprint2.Task3.V13.Test", "Tyuiu.VazhnikLN.Sprint2.Task3.V13.Test\Tyuiu.VazhnikLN.Sprint2.Task3.V13.Test.csproj", "{0A10F10B-0348-4242-A3D7-14DD43FC0AB4}"
EndProject
Project("{2150E333-8FDC-42A3-9474-1A3956D46DE8}") = "Task4", "Task4", "{9CE32B57-D68A-474E-84D8-2302867B811A}"
EndProject
Project("{FAE04EC0-301F-11D3-BF4B-00C04F79EFBC}") = "Tyuiu.VazhnikLN.Sprint2.Task4.V6", "Tyuiu.VazhnikLN.Sprint2.Task4.V6\Tyuiu.VazhnikLN.Sprint2.Task4.V6.csproj", "{49DFD51B-D6B6-4739-9147-887520F8E61B}"
EndProject
Project("{FAE04EC0-301F-11D3-BF4B-00C04F79EFBC}") = "Tyuiu.VazhnikLN.Sprint2.Task4.V6.Test", "Tyuiu.VazhnikLN.Sprint2.Task4.V6.Test\Tyuiu.VazhnikLN.Sprint2.Task4.V6.Test.csproj", "{37167B38-8A44-42CB-91C2-516BD50E82FA}"
EndProject
Project("{FAE04EC0-301F-11D3-BF4B-00C04F79EFBC}") = "Tyuiu.VazhnikLN.Sprint2.Task4.V6.Lib", "Tyuiu.VazhnikLN.Sprint2.Task4.V6.Lib\Tyuiu.VazhnikLN.Sprint2.Task4.V6.Lib.csproj", "{62B7E8FB-14D7-4686-ACEB-4ED51CA51A30}"
EndProject
Project("{2150E333-8FDC-42A3-9474-1A3956D46DE8}") = "Task5", "Task5", "{62067BD9-79F8-4F3E-BCCE-8A1156FB9631}"
EndProject
Project("{FAE04EC0-301F-11D3-BF4B-00C04F79EFBC}") = "Tyuiu.VazhnikLN.Sprint2.Task5.V1", "Tyuiu.VazhnikLN.Sprint2.Task5.V1\Tyuiu.VazhnikLN.Sprint2.Task5.V1.csproj", "{7962B3BB-13E5-4CA3-9745-90574917086F}"
EndProject
Project("{FAE04EC0-301F-11D3-BF4B-00C04F79EFBC}") = "Tyuiu.VazhnikLN.Sprint2.Task5.V1.Lib", "Tyuiu.VazhnikLN.Sprint2.Task5.V1.Lib\Tyuiu.VazhnikLN.Sprint2.Task5.V1.Lib.csproj", "{9C4DFED1-9039-42EF-AD56-5B8CE2DE1EDE}"
EndProject
Project("{FAE04EC0-301F-11D3-BF4B-00C04F79EFBC}") = "Tyuiu.VazhnikLN.Sprint2.Task5.V1.Test", "Tyuiu.VazhnikLN.Sprint2.Task5.V1.Test\Tyuiu.VazhnikLN.Sprint2.Task5.V1.Test.csproj", "{B22F0ACD-64B5-439C-B7E7-2F136EE6B885}"
EndProject
Global
	GlobalSection(SolutionConfigurationPlatforms) = preSolution
		Debug|Any CPU = Debug|Any CPU
		Release|Any CPU = Release|Any CPU
	EndGlobalSection
	GlobalSection(ProjectConfigurationPlatforms) = postSolution
		{DE5E034F-A1AE-424C-A9AB-09769D65F2C4}.Debug|Any CPU.ActiveCfg = Debug|Any CPU
		{DE5E034F-A1AE-424C-A9AB-09769D65F2C4}.Debug|Any CPU.Build.0 = Debug|Any CPU
		{DE5E034F-A1AE-424C-A9AB-09769D65F2C4}.Release|Any CPU.ActiveCfg = Release|Any CPU
		{DE5E034F-A1AE-424C-A9AB-09769D65F2C4}.Release|Any CPU.Build.0 = Release|Any CPU
		{03A750C8-693B-4466-908A-48405A9708C4}.Debug|Any CPU.ActiveCfg = Debug|Any CPU
		{03A750C8-693B-4466-908A-48405A9708C4}.Debug|Any CPU.Build.0 = Debug|Any CPU
		{03A750C8-693B-4466-908A-48405A9708C4}.Release|Any CPU.ActiveCfg = Release|Any CPU
		{03A750C8-693B-4466-908A-48405A9708C4}.Release|Any CPU.Build.0 = Release|Any CPU
		{5F61E8CF-3BED-4AA7-84BF-9D9908A5246A}.Debug|Any CPU.ActiveCfg = Debug|Any CPU
		{5F61E8CF-3BED-4AA7-84BF-9D9908A5246A}.Debug|Any CPU.Build.0 = Debug|Any CPU
		{5F61E8CF-3BED-4AA7-84BF-9D9908A5246A}.Release|Any CPU.ActiveCfg = Release|Any CPU
		{5F61E8CF-3BED-4AA7-84BF-9D9908A5246A}.Release|Any CPU.Build.0 = Release|Any CPU
		{B515E956-D89E-4127-B796-4DA578133E56}.Debug|Any CPU.ActiveCfg = Debug|Any CPU
		{B515E956-D89E-4127-B796-4DA578133E56}.Debug|Any CPU.Build.0 = Debug|Any CPU
		{B515E956-D89E-4127-B796-4DA578133E56}.Release|Any CPU.ActiveCfg = Release|Any CPU
		{B515E956-D89E-4127-B796-4DA578133E56}.Release|Any CPU.Build.0 = Release|Any CPU
		{670B4222-867C-47BC-8AE7-F3BFF63BB804}.Debug|Any CPU.ActiveCfg = Debug|Any CPU
		{670B4222-867C-47BC-8AE7-F3BFF63BB804}.Debug|Any CPU.Build.0 = Debug|Any CPU
		{670B4222-867C-47BC-8AE7-F3BFF63BB804}.Release|Any CPU.ActiveCfg = Release|Any CPU
		{670B4222-867C-47BC-8AE7-F3BFF63BB804}.Release|Any CPU.Build.0 = Release|Any CPU
		{57EDE4DF-18BF-4FA3-AB74-707CF28449CD}.Debug|Any CPU.ActiveCfg = Debug|Any CPU
		{57EDE4DF-18BF-4FA3-AB74-707CF28449CD}.Debug|Any CPU.Build.0 = Debug|Any CPU
		{57EDE4DF-18BF-4FA3-AB74-707CF28449CD}.Release|Any CPU.ActiveCfg = Release|Any CPU
		{57EDE4DF-18BF-4FA3-AB74-707CF28449CD}.Release|Any CPU.Build.0 = Release|Any CPU
		{B825810A-F7D4-4065-B38B-21283D53BB49}.Debug|Any CPU.ActiveCfg = Debug|Any CPU
		{B825810A-F7D4-4065-B38B-21283D53BB49}.Debug|Any CPU.Build.0 = Debug|Any CPU
		{B825810A-F7D4-4065-B38B-21283D53BB49}.Release|Any CPU.ActiveCfg = Release|Any CPU
		{B825810A-F7D4-4065-B38B-21283D53BB49}.Release|Any CPU.Build.0 = Release|Any CPU
		{0C8E9435-479E-4B47-8847-8217117FB934}.Debug|Any CPU.ActiveCfg = Debug|Any CPU
		{0C8E9435-479E-4B47-8847-8217117FB934}.Debug|Any CPU.Build.0 = Debug|Any CPU
		{0C8E9435-479E-4B47-8847-8217117FB934}.Release|Any CPU.ActiveCfg = Release|Any CPU
		{0C8E9435-479E-4B47-8847-8217117FB934}.Release|Any CPU.Build.0 = Release|Any CPU
		{D9C3826E-3A74-46A1-B02C-ABE99845689D}.Debug|Any CPU.ActiveCfg = Debug|Any CPU
		{D9C3826E-3A74-46A1-B02C-ABE99845689D}.Debug|Any CPU.Build.0 = Debug|Any CPU
		{D9C3826E-3A74-46A1-B02C-ABE99845689D}.Release|Any CPU.ActiveCfg = Release|Any CPU
		{D9C3826E-3A74-46A1-B02C-ABE99845689D}.Release|Any CPU.Build.0 = Release|Any CPU
		{0066DC65-2456-4A8A-8A40-85818685220D}.Debug|Any CPU.ActiveCfg = Debug|Any CPU
		{0066DC65-2456-4A8A-8A40-85818685220D}.Debug|Any CPU.Build.0 = Debug|Any CPU
		{0066DC65-2456-4A8A-8A40-85818685220D}.Release|Any CPU.ActiveCfg = Release|Any CPU
		{0066DC65-2456-4A8A-8A40-85818685220D}.Release|Any CPU.Build.0 = Release|Any CPU
		{42853039-A90E-4330-ABAD-8465B51B2BF0}.Debug|Any CPU.ActiveCfg = Debug|Any CPU
		{42853039-A90E-4330-ABAD-8465B51B2BF0}.Debug|Any CPU.Build.0 = Debug|Any CPU
		{42853039-A90E-4330-ABAD-8465B51B2BF0}.Release|Any CPU.ActiveCfg = Release|Any CPU
		{42853039-A90E-4330-ABAD-8465B51B2BF0}.Release|Any CPU.Build.0 = Release|Any CPU
		{0A10F10B-0348-4242-A3D7-14DD43FC0AB4}.Debug|Any CPU.ActiveCfg = Debug|Any CPU
		{0A10F10B-0348-4242-A3D7-14DD43FC0AB4}.Debug|Any CPU.Build.0 = Debug|Any CPU
		{0A10F10B-0348-4242-A3D7-14DD43FC0AB4}.Release|Any CPU.ActiveCfg = Release|Any CPU
		{0A10F10B-0348-4242-A3D7-14DD43FC0AB4}.Release|Any CPU.Build.0 = Release|Any CPU
		{49DFD51B-D6B6-4739-9147-887520F8E61B}.Debug|Any CPU.ActiveCfg = Debug|Any CPU
		{49DFD51B-D6B6-4739-9147-887520F8E61B}.Debug|Any CPU.Build.0 = Debug|Any CPU
		{49DFD51B-D6B6-4739-9147-887520F8E61B}.Release|Any CPU.ActiveCfg = Release|Any CPU
		{49DFD51B-D6B6-4739-9147-887520F8E61B}.Release|Any CPU.Build.0 = Release|Any CPU
		{37167B38-8A44-42CB-91C2-516BD50E82FA}.Debug|Any CPU.ActiveCfg = Debug|Any CPU
		{37167B38-8A44-42CB-91C2-516BD50E82FA}.Debug|Any CPU.Build.0 = Debug|Any CPU
		{37167B38-8A44-42CB-91C2-516BD50E82FA}.Release|Any CPU.ActiveCfg = Release|Any CPU
		{37167B38-8A44-42CB-91C2-516BD50E82FA}.Release|Any CPU.Build.0 = Release|Any CPU
		{62B7E8FB-14D7-4686-ACEB-4ED51CA51A30}.Debug|Any CPU.ActiveCfg = Debug|Any CPU
		{62B7E8FB-14D7-4686-ACEB-4ED51CA51A30}.Debug|Any CPU.Build.0 = Debug|Any CPU
		{62B7E8FB-14D7-4686-ACEB-4ED51CA51A30}.Release|Any CPU.ActiveCfg = Release|Any CPU
		{62B7E8FB-14D7-4686-ACEB-4ED51CA51A30}.Release|Any CPU.Build.0 = Release|Any CPU
		{7962B3BB-13E5-4CA3-9745-90574917086F}.Debug|Any CPU.ActiveCfg = Debug|Any CPU
		{7962B3BB-13E5-4CA3-9745-90574917086F}.Debug|Any CPU.Build.0 = Debug|Any CPU
		{7962B3BB-13E5-4CA3-9745-90574917086F}.Release|Any CPU.ActiveCfg = Release|Any CPU
		{7962B3BB-13E5-4CA3-9745-90574917086F}.Release|Any CPU.Build.0 = Release|Any CPU
		{9C4DFED1-9039-42EF-AD56-5B8CE2DE1EDE}.Debug|Any CPU.ActiveCfg = Debug|Any CPU
		{9C4DFED1-9039-42EF-AD56-5B8CE2DE1EDE}.Debug|Any CPU.Build.0 = Debug|Any CPU
		{9C4DFED1-9039-42EF-AD56-5B8CE2DE1EDE}.Release|Any CPU.ActiveCfg = Release|Any CPU
		{9C4DFED1-9039-42EF-AD56-5B8CE2DE1EDE}.Release|Any CPU.Build.0 = Release|Any CPU
		{B22F0ACD-64B5-439C-B7E7-2F136EE6B885}.Debug|Any CPU.ActiveCfg = Debug|Any CPU
		{B22F0ACD-64B5-439C-B7E7-2F136EE6B885}.Debug|Any CPU.Build.0 = Debug|Any CPU
		{B22F0ACD-64B5-439C-B7E7-2F136EE6B885}.Release|Any CPU.ActiveCfg = Release|Any CPU
		{B22F0ACD-64B5-439C-B7E7-2F136EE6B885}.Release|Any CPU.Build.0 = Release|Any CPU
	EndGlobalSection
	GlobalSection(SolutionProperties) = preSolution
		HideSolutionNode = FALSE
	EndGlobalSection
	GlobalSection(NestedProjects) = preSolution
		{DE5E034F-A1AE-424C-A9AB-09769D65F2C4} = {02EA681E-C7D8-13C7-8484-4AC65E1B71E8}
		{03A750C8-693B-4466-908A-48405A9708C4} = {02EA681E-C7D8-13C7-8484-4AC65E1B71E8}
		{5F61E8CF-3BED-4AA7-84BF-9D9908A5246A} = {02EA681E-C7D8-13C7-8484-4AC65E1B71E8}
		{B515E956-D89E-4127-B796-4DA578133E56} = {38C89202-39D4-4B19-BB07-8A5942BDDB9A}
		{670B4222-867C-47BC-8AE7-F3BFF63BB804} = {38C89202-39D4-4B19-BB07-8A5942BDDB9A}
		{57EDE4DF-18BF-4FA3-AB74-707CF28449CD} = {38C89202-39D4-4B19-BB07-8A5942BDDB9A}
		{B825810A-F7D4-4065-B38B-21283D53BB49} = {E1E1A4FA-5F5A-4987-B6FA-A966FDE80F6B}
		{0C8E9435-479E-4B47-8847-8217117FB934} = {E1E1A4FA-5F5A-4987-B6FA-A966FDE80F6B}
		{D9C3826E-3A74-46A1-B02C-ABE99845689D} = {E1E1A4FA-5F5A-4987-B6FA-A966FDE80F6B}
		{0066DC65-2456-4A8A-8A40-85818685220D} = {0FB457BA-00E7-4DDE-B80D-88017B727D20}
		{42853039-A90E-4330-ABAD-8465B51B2BF0} = {0FB457BA-00E7-4DDE-B80D-88017B727D20}
		{0A10F10B-0348-4242-A3D7-14DD43FC0AB4} = {0FB457BA-00E7-4DDE-B80D-88017B727D20}
		{49DFD51B-D6B6-4739-9147-887520F8E61B} = {9CE32B57-D68A-474E-84D8-2302867B811A}
		{37167B38-8A44-42CB-91C2-516BD50E82FA} = {9CE32B57-D68A-474E-84D8-2302867B811A}
		{62B7E8FB-14D7-4686-ACEB-4ED51CA51A30} = {9CE32B57-D68A-474E-84D8-2302867B811A}
		{7962B3BB-13E5-4CA3-9745-90574917086F} = {62067BD9-79F8-4F3E-BCCE-8A1156FB9631}
		{9C4DFED1-9039-42EF-AD56-5B8CE2DE1EDE} = {62067BD9-79F8-4F3E-BCCE-8A1156FB9631}
		{B22F0ACD-64B5-439C-B7E7-2F136EE6B885} = {62067BD9-79F8-4F3E-BCCE-8A1156FB9631}
	EndGlobalSection
	GlobalSection(ExtensibilityGlobals) = postSolution
		SolutionGuid = {2C783492-1722-43FA-8DA4-34B1DF4B472E}
	EndGlobalSection
EndGlobal
